// !$*UTF8*$!
{
	archiveVersion = 1;
	classes = {
	};
	objectVersion = 56;
	objects = {

/* Begin PBXBuildFile section */
		3354090129E43EB0000D7D9C /* AppDelegate.swift in Sources */ = {isa = PBXBuildFile; fileRef = 3354090029E43EB0000D7D9C /* AppDelegate.swift */; };
		3354090329E43EB0000D7D9C /* SceneDelegate.swift in Sources */ = {isa = PBXBuildFile; fileRef = 3354090229E43EB0000D7D9C /* SceneDelegate.swift */; };
		3354090A29E43EB1000D7D9C /* Assets.xcassets in Resources */ = {isa = PBXBuildFile; fileRef = 3354090929E43EB1000D7D9C /* Assets.xcassets */; };
		3354090D29E43EB1000D7D9C /* LaunchScreen.storyboard in Resources */ = {isa = PBXBuildFile; fileRef = 3354090B29E43EB1000D7D9C /* LaunchScreen.storyboard */; };
		3354091529E43EE9000D7D9C /* MainTabBarController.swift in Sources */ = {isa = PBXBuildFile; fileRef = 3354091429E43EE9000D7D9C /* MainTabBarController.swift */; };
		3354091729E43FCF000D7D9C /* PriorityViewController.swift in Sources */ = {isa = PBXBuildFile; fileRef = 3354091629E43FCF000D7D9C /* PriorityViewController.swift */; };
		3354091929E43FDF000D7D9C /* NotToDoViewController.swift in Sources */ = {isa = PBXBuildFile; fileRef = 3354091829E43FDF000D7D9C /* NotToDoViewController.swift */; };
		3354091B29E44034000D7D9C /* BreathingViewController.swift in Sources */ = {isa = PBXBuildFile; fileRef = 3354091A29E44034000D7D9C /* BreathingViewController.swift */; };
		3354092029E45324000D7D9C /* PriorityCollectionViewCell.swift in Sources */ = {isa = PBXBuildFile; fileRef = 3354091F29E45324000D7D9C /* PriorityCollectionViewCell.swift */; };
/* End PBXBuildFile section */

/* Begin PBXFileReference section */
		335408FD29E43EB0000D7D9C /* NotToDo_Priority.app */ = {isa = PBXFileReference; explicitFileType = wrapper.application; includeInIndex = 0; path = NotToDo_Priority.app; sourceTree = BUILT_PRODUCTS_DIR; };
		3354090029E43EB0000D7D9C /* AppDelegate.swift */ = {isa = PBXFileReference; lastKnownFileType = sourcecode.swift; path = AppDelegate.swift; sourceTree = "<group>"; };
		3354090229E43EB0000D7D9C /* SceneDelegate.swift */ = {isa = PBXFileReference; lastKnownFileType = sourcecode.swift; path = SceneDelegate.swift; sourceTree = "<group>"; };
		3354090929E43EB1000D7D9C /* Assets.xcassets */ = {isa = PBXFileReference; lastKnownFileType = folder.assetcatalog; path = Assets.xcassets; sourceTree = "<group>"; };
		3354090C29E43EB1000D7D9C /* Base */ = {isa = PBXFileReference; lastKnownFileType = file.storyboard; name = Base; path = Base.lproj/LaunchScreen.storyboard; sourceTree = "<group>"; };
		3354090E29E43EB1000D7D9C /* Info.plist */ = {isa = PBXFileReference; lastKnownFileType = text.plist.xml; path = Info.plist; sourceTree = "<group>"; };
		3354091429E43EE9000D7D9C /* MainTabBarController.swift */ = {isa = PBXFileReference; lastKnownFileType = sourcecode.swift; path = MainTabBarController.swift; sourceTree = "<group>"; };
		3354091629E43FCF000D7D9C /* PriorityViewController.swift */ = {isa = PBXFileReference; lastKnownFileType = sourcecode.swift; path = PriorityViewController.swift; sourceTree = "<group>"; };
		3354091829E43FDF000D7D9C /* NotToDoViewController.swift */ = {isa = PBXFileReference; lastKnownFileType = sourcecode.swift; path = NotToDoViewController.swift; sourceTree = "<group>"; };
		3354091A29E44034000D7D9C /* BreathingViewController.swift */ = {isa = PBXFileReference; lastKnownFileType = sourcecode.swift; path = BreathingViewController.swift; sourceTree = "<group>"; };
		3354091F29E45324000D7D9C /* PriorityCollectionViewCell.swift */ = {isa = PBXFileReference; lastKnownFileType = sourcecode.swift; path = PriorityCollectionViewCell.swift; sourceTree = "<group>"; };
/* End PBXFileReference section */

/* Begin PBXFrameworksBuildPhase section */
		335408FA29E43EB0000D7D9C /* Frameworks */ = {
			isa = PBXFrameworksBuildPhase;
			buildActionMask = 2147483647;
			files = (
			);
			runOnlyForDeploymentPostprocessing = 0;
		};
/* End PBXFrameworksBuildPhase section */

/* Begin PBXGroup section */
		335408F429E43EB0000D7D9C = {
			isa = PBXGroup;
			children = (
				335408FF29E43EB0000D7D9C /* NotToDo_Priority */,
				335408FE29E43EB0000D7D9C /* Products */,
			);
			sourceTree = "<group>";
		};
		335408FE29E43EB0000D7D9C /* Products */ = {
			isa = PBXGroup;
			children = (
				335408FD29E43EB0000D7D9C /* NotToDo_Priority.app */,
			);
			name = Products;
			sourceTree = "<group>";
		};
		335408FF29E43EB0000D7D9C /* NotToDo_Priority */ = {
			isa = PBXGroup;
			children = (
				3354090029E43EB0000D7D9C /* AppDelegate.swift */,
				3354090229E43EB0000D7D9C /* SceneDelegate.swift */,
				3354091429E43EE9000D7D9C /* MainTabBarController.swift */,
				3354091E29E44E34000D7D9C /* New Group */,
				3354090929E43EB1000D7D9C /* Assets.xcassets */,
				3354090B29E43EB1000D7D9C /* LaunchScreen.storyboard */,
				3354090E29E43EB1000D7D9C /* Info.plist */,
			);
			path = NotToDo_Priority;
			sourceTree = "<group>";
		};
		3354091E29E44E34000D7D9C /* New Group */ = {
			isa = PBXGroup;
			children = (
				3354091629E43FCF000D7D9C /* PriorityViewController.swift */,
				3354091F29E45324000D7D9C /* PriorityCollectionViewCell.swift */,
				3354091829E43FDF000D7D9C /* NotToDoViewController.swift */,
				3354091A29E44034000D7D9C /* BreathingViewController.swift */,
			);
			path = "New Group";
			sourceTree = "<group>";
		};
/* End PBXGroup section */

/* Begin PBXNativeTarget section */
		335408FC29E43EB0000D7D9C /* NotToDo_Priority */ = {
			isa = PBXNativeTarget;
			buildConfigurationList = 3354091129E43EB1000D7D9C /* Build configuration list for PBXNativeTarget "NotToDo_Priority" */;
			buildPhases = (
				335408F929E43EB0000D7D9C /* Sources */,
				335408FA29E43EB0000D7D9C /* Frameworks */,
				335408FB29E43EB0000D7D9C /* Resources */,
			);
			buildRules = (
			);
			dependencies = (
			);
			name = NotToDo_Priority;
			productName = NotToDo_Priority;
			productReference = 335408FD29E43EB0000D7D9C /* NotToDo_Priority.app */;
			productType = "com.apple.product-type.application";
		};
/* End PBXNativeTarget section */

/* Begin PBXProject section */
		335408F529E43EB0000D7D9C /* Project object */ = {
			isa = PBXProject;
			attributes = {
				BuildIndependentTargetsInParallel = 1;
				LastSwiftUpdateCheck = 1420;
				LastUpgradeCheck = 1420;
				TargetAttributes = {
					335408FC29E43EB0000D7D9C = {
						CreatedOnToolsVersion = 14.2;
					};
				};
			};
			buildConfigurationList = 335408F829E43EB0000D7D9C /* Build configuration list for PBXProject "NotToDo_Priority" */;
			compatibilityVersion = "Xcode 14.0";
			developmentRegion = en;
			hasScannedForEncodings = 0;
			knownRegions = (
				en,
				Base,
			);
			mainGroup = 335408F429E43EB0000D7D9C;
			productRefGroup = 335408FE29E43EB0000D7D9C /* Products */;
			projectDirPath = "";
			projectRoot = "";
			targets = (
				335408FC29E43EB0000D7D9C /* NotToDo_Priority */,
			);
		};
/* End PBXProject section */

/* Begin PBXResourcesBuildPhase section */
		335408FB29E43EB0000D7D9C /* Resources */ = {
			isa = PBXResourcesBuildPhase;
			buildActionMask = 2147483647;
			files = (
				3354090D29E43EB1000D7D9C /* LaunchScreen.storyboard in Resources */,
				3354090A29E43EB1000D7D9C /* Assets.xcassets in Resources */,
			);
			runOnlyForDeploymentPostprocessing = 0;
		};
/* End PBXResourcesBuildPhase section */

/* Begin PBXSourcesBuildPhase section */
		335408F929E43EB0000D7D9C /* Sources */ = {
			isa = PBXSourcesBuildPhase;
			buildActionMask = 2147483647;
			files = (
				3354091729E43FCF000D7D9C /* PriorityViewController.swift in Sources */,
				3354091B29E44034000D7D9C /* BreathingViewController.swift in Sources */,
				3354092029E45324000D7D9C /* PriorityCollectionViewCell.swift in Sources */,
				3354090129E43EB0000D7D9C /* AppDelegate.swift in Sources */,
				3354090329E43EB0000D7D9C /* SceneDelegate.swift in Sources */,
				3354091929E43FDF000D7D9C /* NotToDoViewController.swift in Sources */,
				3354091529E43EE9000D7D9C /* MainTabBarController.swift in Sources */,
			);
			runOnlyForDeploymentPostprocessing = 0;
		};
/* End PBXSourcesBuildPhase section */

/* Begin PBXVariantGroup section */
		3354090B29E43EB1000D7D9C /* LaunchScreen.storyboard */ = {
			isa = PBXVariantGroup;
			children = (
				3354090C29E43EB1000D7D9C /* Base */,
			);
			name = LaunchScreen.storyboard;
			sourceTree = "<group>";
		};
/* End PBXVariantGroup section */

/* Begin XCBuildConfiguration section */
		3354090F29E43EB1000D7D9C /* Debug */ = {
			isa = XCBuildConfiguration;
			buildSettings = {
				ALWAYS_SEARCH_USER_PATHS = NO;
				CLANG_ANALYZER_NONNULL = YES;
				CLANG_ANALYZER_NUMBER_OBJECT_CONVERSION = YES_AGGRESSIVE;
				CLANG_CXX_LANGUAGE_STANDARD = "gnu++20";
				CLANG_ENABLE_MODULES = YES;
				CLANG_ENABLE_OBJC_ARC = YES;
				CLANG_ENABLE_OBJC_WEAK = YES;
				CLANG_WARN_BLOCK_CAPTURE_AUTORELEASING = YES;
				CLANG_WARN_BOOL_CONVERSION = YES;
				CLANG_WARN_COMMA = YES;
				CLANG_WARN_CONSTANT_CONVERSION = YES;
				CLANG_WARN_DEPRECATED_OBJC_IMPLEMENTATIONS = YES;
				CLANG_WARN_DIRECT_OBJC_ISA_USAGE = YES_ERROR;
				CLANG_WARN_DOCUMENTATION_COMMENTS = YES;
				CLANG_WARN_EMPTY_BODY = YES;
				CLANG_WARN_ENUM_CONVERSION = YES;
				CLANG_WARN_INFINITE_RECURSION = YES;
				CLANG_WARN_INT_CONVERSION = YES;
				CLANG_WARN_NON_LITERAL_NULL_CONVERSION = YES;
				CLANG_WARN_OBJC_IMPLICIT_RETAIN_SELF = YES;
				CLANG_WARN_OBJC_LITERAL_CONVERSION = YES;
				CLANG_WARN_OBJC_ROOT_CLASS = YES_ERROR;
				CLANG_WARN_QUOTED_INCLUDE_IN_FRAMEWORK_HEADER = YES;
				CLANG_WARN_RANGE_LOOP_ANALYSIS = YES;
				CLANG_WARN_STRICT_PROTOTYPES = YES;
				CLANG_WARN_SUSPICIOUS_MOVE = YES;
				CLANG_WARN_UNGUARDED_AVAILABILITY = YES_AGGRESSIVE;
				CLANG_WARN_UNREACHABLE_CODE = YES;
				CLANG_WARN__DUPLICATE_METHOD_MATCH = YES;
				COPY_PHASE_STRIP = NO;
				DEBUG_INFORMATION_FORMAT = dwarf;
				ENABLE_STRICT_OBJC_MSGSEND = YES;
				ENABLE_TESTABILITY = YES;
				GCC_C_LANGUAGE_STANDARD = gnu11;
				GCC_DYNAMIC_NO_PIC = NO;
				GCC_NO_COMMON_BLOCKS = YES;
				GCC_OPTIMIZATION_LEVEL = 0;
				GCC_PREPROCESSOR_DEFINITIONS = (
					"DEBUG=1",
					"$(inherited)",
				);
				GCC_WARN_64_TO_32_BIT_CONVERSION = YES;
				GCC_WARN_ABOUT_RETURN_TYPE = YES_ERROR;
				GCC_WARN_UNDECLARED_SELECTOR = YES;
				GCC_WARN_UNINITIALIZED_AUTOS = YES_AGGRESSIVE;
				GCC_WARN_UNUSED_FUNCTION = YES;
				GCC_WARN_UNUSED_VARIABLE = YES;
				IPHONEOS_DEPLOYMENT_TARGET = 16.2;
				MTL_ENABLE_DEBUG_INFO = INCLUDE_SOURCE;
				MTL_FAST_MATH = YES;
				ONLY_ACTIVE_ARCH = YES;
				SDKROOT = iphoneos;
				SWIFT_ACTIVE_COMPILATION_CONDITIONS = DEBUG;
				SWIFT_OPTIMIZATION_LEVEL = "-Onone";
			};
			name = Debug;
		};
		3354091029E43EB1000D7D9C /* Release */ = {
			isa = XCBuildConfiguration;
			buildSettings = {
				ALWAYS_SEARCH_USER_PATHS = NO;
				CLANG_ANALYZER_NONNULL = YES;
				CLANG_ANALYZER_NUMBER_OBJECT_CONVERSION = YES_AGGRESSIVE;
				CLANG_CXX_LANGUAGE_STANDARD = "gnu++20";
				CLANG_ENABLE_MODULES = YES;
				CLANG_ENABLE_OBJC_ARC = YES;
				CLANG_ENABLE_OBJC_WEAK = YES;
				CLANG_WARN_BLOCK_CAPTURE_AUTORELEASING = YES;
				CLANG_WARN_BOOL_CONVERSION = YES;
				CLANG_WARN_COMMA = YES;
				CLANG_WARN_CONSTANT_CONVERSION = YES;
				CLANG_WARN_DEPRECATED_OBJC_IMPLEMENTATIONS = YES;
				CLANG_WARN_DIRECT_OBJC_ISA_USAGE = YES_ERROR;
				CLANG_WARN_DOCUMENTATION_COMMENTS = YES;
				CLANG_WARN_EMPTY_BODY = YES;
				CLANG_WARN_ENUM_CONVERSION = YES;
				CLANG_WARN_INFINITE_RECURSION = YES;
				CLANG_WARN_INT_CONVERSION = YES;
				CLANG_WARN_NON_LITERAL_NULL_CONVERSION = YES;
				CLANG_WARN_OBJC_IMPLICIT_RETAIN_SELF = YES;
				CLANG_WARN_OBJC_LITERAL_CONVERSION = YES;
				CLANG_WARN_OBJC_ROOT_CLASS = YES_ERROR;
				CLANG_WARN_QUOTED_INCLUDE_IN_FRAMEWORK_HEADER = YES;
				CLANG_WARN_RANGE_LOOP_ANALYSIS = YES;
				CLANG_WARN_STRICT_PROTOTYPES = YES;
				CLANG_WARN_SUSPICIOUS_MOVE = YES;
				CLANG_WARN_UNGUARDED_AVAILABILITY = YES_AGGRESSIVE;
				CLANG_WARN_UNREACHABLE_CODE = YES;
				CLANG_WARN__DUPLICATE_METHOD_MATCH = YES;
				COPY_PHASE_STRIP = NO;
				DEBUG_INFORMATION_FORMAT = "dwarf-with-dsym";
				ENABLE_NS_ASSERTIONS = NO;
				ENABLE_STRICT_OBJC_MSGSEND = YES;
				GCC_C_LANGUAGE_STANDARD = gnu11;
				GCC_NO_COMMON_BLOCKS = YES;
				GCC_WARN_64_TO_32_BIT_CONVERSION = YES;
				GCC_WARN_ABOUT_RETURN_TYPE = YES_ERROR;
				GCC_WARN_UNDECLARED_SELECTOR = YES;
				GCC_WARN_UNINITIALIZED_AUTOS = YES_AGGRESSIVE;
				GCC_WARN_UNUSED_FUNCTION = YES;
				GCC_WARN_UNUSED_VARIABLE = YES;
				IPHONEOS_DEPLOYMENT_TARGET = 16.2;
				MTL_ENABLE_DEBUG_INFO = NO;
				MTL_FAST_MATH = YES;
				SDKROOT = iphoneos;
				SWIFT_COMPILATION_MODE = wholemodule;
				SWIFT_OPTIMIZATION_LEVEL = "-O";
				VALIDATE_PRODUCT = YES;
			};
			name = Release;
		};
		3354091229E43EB1000D7D9C /* Debug */ = {
			isa = XCBuildConfiguration;
			buildSettings = {
				ASSETCATALOG_COMPILER_APPICON_NAME = AppIcon;
				ASSETCATALOG_COMPILER_GLOBAL_ACCENT_COLOR_NAME = AccentColor;
				CODE_SIGN_STYLE = Automatic;
				CURRENT_PROJECT_VERSION = 1;
				DEVELOPMENT_TEAM = 6SU3UM7Z98;
				GENERATE_INFOPLIST_FILE = YES;
				INFOPLIST_FILE = NotToDo_Priority/Info.plist;
				INFOPLIST_KEY_UIApplicationSupportsIndirectInputEvents = YES;
				INFOPLIST_KEY_UILaunchStoryboardName = LaunchScreen;
				INFOPLIST_KEY_UISupportedInterfaceOrientations_iPad = "UIInterfaceOrientationPortrait UIInterfaceOrientationPortraitUpsideDown UIInterfaceOrientationLandscapeLeft UIInterfaceOrientationLandscapeRight";
				INFOPLIST_KEY_UISupportedInterfaceOrientations_iPhone = "UIInterfaceOrientationPortrait UIInterfaceOrientationLandscapeLeft UIInterfaceOrientationLandscapeRight";
				LD_RUNPATH_SEARCH_PATHS = (
					"$(inherited)",
					"@executable_path/Frameworks",
				);
				MARKETING_VERSION = 1.0;
				PRODUCT_BUNDLE_IDENTIFIER = "com.sky.NotToDo-Priority";
				PRODUCT_NAME = "$(TARGET_NAME)";
				SWIFT_EMIT_LOC_STRINGS = YES;
				SWIFT_VERSION = 5.0;
				TARGETED_DEVICE_FAMILY = "1,2";
			};
			name = Debug;
		};
		3354091329E43EB1000D7D9C /* Release */ = {
			isa = XCBuildConfiguration;
			buildSettings = {
				ASSETCATALOG_COMPILER_APPICON_NAME = AppIcon;
				ASSETCATALOG_COMPILER_GLOBAL_ACCENT_COLOR_NAME = AccentColor;
				CODE_SIGN_STYLE = Automatic;
				CURRENT_PROJECT_VERSION = 1;
				DEVELOPMENT_TEAM = 6SU3UM7Z98;
				GENERATE_INFOPLIST_FILE = YES;
				INFOPLIST_FILE = NotToDo_Priority/Info.plist;
				INFOPLIST_KEY_UIApplicationSupportsIndirectInputEvents = YES;
				INFOPLIST_KEY_UILaunchStoryboardName = LaunchScreen;
				INFOPLIST_KEY_UISupportedInterfaceOrientations_iPad = "UIInterfaceOrientationPortrait UIInterfaceOrientationPortraitUpsideDown UIInterfaceOrientationLandscapeLeft UIInterfaceOrientationLandscapeRight";
				INFOPLIST_KEY_UISupportedInterfaceOrientations_iPhone = "UIInterfaceOrientationPortrait UIInterfaceOrientationLandscapeLeft UIInterfaceOrientationLandscapeRight";
				LD_RUNPATH_SEARCH_PATHS = (
					"$(inherited)",
					"@executable_path/Frameworks",
				);
				MARKETING_VERSION = 1.0;
				PRODUCT_BUNDLE_IDENTIFIER = "com.sky.NotToDo-Priority";
				PRODUCT_NAME = "$(TARGET_NAME)";
				SWIFT_EMIT_LOC_STRINGS = YES;
				SWIFT_VERSION = 5.0;
				TARGETED_DEVICE_FAMILY = "1,2";
			};
			name = Release;
		};
/* End XCBuildConfiguration section */

/* Begin XCConfigurationList section */
		335408F829E43EB0000D7D9C /* Build configuration list for PBXProject "NotToDo_Priority" */ = {
			isa = XCConfigurationList;
			buildConfigurations = (
				3354090F29E43EB1000D7D9C /* Debug */,
				3354091029E43EB1000D7D9C /* Release */,
			);
			defaultConfigurationIsVisible = 0;
			defaultConfigurationName = Release;
		};
		3354091129E43EB1000D7D9C /* Build configuration list for PBXNativeTarget "NotToDo_Priority" */ = {
			isa = XCConfigurationList;
			buildConfigurations = (
				3354091229E43EB1000D7D9C /* Debug */,
				3354091329E43EB1000D7D9C /* Release */,
			);
			defaultConfigurationIsVisible = 0;
			defaultConfigurationName = Release;
		};
/* End XCConfigurationList section */
	};
	rootObject = 335408F529E43EB0000D7D9C /* Project object */;
}
