// !$*UTF8*$!
{
	archiveVersion = 1;
	classes = {
	};
	objectVersion = 56;
	objects = {

/* Begin PBXBuildFile section */
		3352789B29E042D400FEBABF /* AppDelegate.swift in Sources */ = {isa = PBXBuildFile; fileRef = 3352789A29E042D400FEBABF /* AppDelegate.swift */; };
		3352789D29E042D400FEBABF /* SceneDelegate.swift in Sources */ = {isa = PBXBuildFile; fileRef = 3352789C29E042D400FEBABF /* SceneDelegate.swift */; };
		335278A429E042D500FEBABF /* Assets.xcassets in Resources */ = {isa = PBXBuildFile; fileRef = 335278A329E042D500FEBABF /* Assets.xcassets */; };
		335278A729E042D500FEBABF /* LaunchScreen.storyboard in Resources */ = {isa = PBXBuildFile; fileRef = 335278A529E042D500FEBABF /* LaunchScreen.storyboard */; };
		335278B029E043AB00FEBABF /* SnapKit in Frameworks */ = {isa = PBXBuildFile; productRef = 335278AF29E043AB00FEBABF /* SnapKit */; };
		335278B329E043D000FEBABF /* Alamofire in Frameworks */ = {isa = PBXBuildFile; productRef = 335278B229E043D000FEBABF /* Alamofire */; };
		335278B529E0440000FEBABF /* StationSearchViewController.swift in Sources */ = {isa = PBXBuildFile; fileRef = 335278B429E0440000FEBABF /* StationSearchViewController.swift */; };
		335278B729E04EEE00FEBABF /* StationDetailViewController.swift in Sources */ = {isa = PBXBuildFile; fileRef = 335278B629E04EEE00FEBABF /* StationDetailViewController.swift */; };
		335278B929E051A300FEBABF /* StationDetailCollectionViewCell.swift in Sources */ = {isa = PBXBuildFile; fileRef = 335278B829E051A300FEBABF /* StationDetailCollectionViewCell.swift */; };
		33E40C7929E18BBA00E8FB13 /* StationResponseModel.swift in Sources */ = {isa = PBXBuildFile; fileRef = 33E40C7829E18BBA00E8FB13 /* StationResponseModel.swift */; };
/* End PBXBuildFile section */

/* Begin PBXFileReference section */
		3352789729E042D400FEBABF /* Subway.app */ = {isa = PBXFileReference; explicitFileType = wrapper.application; includeInIndex = 0; path = Subway.app; sourceTree = BUILT_PRODUCTS_DIR; };
		3352789A29E042D400FEBABF /* AppDelegate.swift */ = {isa = PBXFileReference; lastKnownFileType = sourcecode.swift; path = AppDelegate.swift; sourceTree = "<group>"; };
		3352789C29E042D400FEBABF /* SceneDelegate.swift */ = {isa = PBXFileReference; lastKnownFileType = sourcecode.swift; path = SceneDelegate.swift; sourceTree = "<group>"; };
		335278A329E042D500FEBABF /* Assets.xcassets */ = {isa = PBXFileReference; lastKnownFileType = folder.assetcatalog; path = Assets.xcassets; sourceTree = "<group>"; };
		335278A629E042D500FEBABF /* Base */ = {isa = PBXFileReference; lastKnownFileType = file.storyboard; name = Base; path = Base.lproj/LaunchScreen.storyboard; sourceTree = "<group>"; };
		335278A829E042D500FEBABF /* Info.plist */ = {isa = PBXFileReference; lastKnownFileType = text.plist.xml; path = Info.plist; sourceTree = "<group>"; };
		335278B429E0440000FEBABF /* StationSearchViewController.swift */ = {isa = PBXFileReference; lastKnownFileType = sourcecode.swift; path = StationSearchViewController.swift; sourceTree = "<group>"; };
		335278B629E04EEE00FEBABF /* StationDetailViewController.swift */ = {isa = PBXFileReference; lastKnownFileType = sourcecode.swift; path = StationDetailViewController.swift; sourceTree = "<group>"; };
		335278B829E051A300FEBABF /* StationDetailCollectionViewCell.swift */ = {isa = PBXFileReference; lastKnownFileType = sourcecode.swift; path = StationDetailCollectionViewCell.swift; sourceTree = "<group>"; };
		33E40C7829E18BBA00E8FB13 /* StationResponseModel.swift */ = {isa = PBXFileReference; lastKnownFileType = sourcecode.swift; path = StationResponseModel.swift; sourceTree = "<group>"; };
/* End PBXFileReference section */

/* Begin PBXFrameworksBuildPhase section */
		3352789429E042D400FEBABF /* Frameworks */ = {
			isa = PBXFrameworksBuildPhase;
			buildActionMask = 2147483647;
			files = (
				335278B029E043AB00FEBABF /* SnapKit in Frameworks */,
				335278B329E043D000FEBABF /* Alamofire in Frameworks */,
			);
			runOnlyForDeploymentPostprocessing = 0;
		};
/* End PBXFrameworksBuildPhase section */

/* Begin PBXGroup section */
		3352788E29E042D400FEBABF = {
			isa = PBXGroup;
			children = (
				3352789929E042D400FEBABF /* Subway */,
				3352789829E042D400FEBABF /* Products */,
			);
			sourceTree = "<group>";
		};
		3352789829E042D400FEBABF /* Products */ = {
			isa = PBXGroup;
			children = (
				3352789729E042D400FEBABF /* Subway.app */,
			);
			name = Products;
			sourceTree = "<group>";
		};
		3352789929E042D400FEBABF /* Subway */ = {
			isa = PBXGroup;
			children = (
				3352789A29E042D400FEBABF /* AppDelegate.swift */,
				3352789C29E042D400FEBABF /* SceneDelegate.swift */,
				33E40C7829E18BBA00E8FB13 /* StationResponseModel.swift */,
				33E40C7729E18B9E00E8FB13 /* Secenes */,
				335278A329E042D500FEBABF /* Assets.xcassets */,
				335278A529E042D500FEBABF /* LaunchScreen.storyboard */,
				335278A829E042D500FEBABF /* Info.plist */,
			);
			path = Subway;
			sourceTree = "<group>";
		};
		33E40C7729E18B9E00E8FB13 /* Secenes */ = {
			isa = PBXGroup;
			children = (
				335278B429E0440000FEBABF /* StationSearchViewController.swift */,
				335278B629E04EEE00FEBABF /* StationDetailViewController.swift */,
				335278B829E051A300FEBABF /* StationDetailCollectionViewCell.swift */,
			);
			path = Secenes;
			sourceTree = "<group>";
		};
/* End PBXGroup section */

/* Begin PBXNativeTarget section */
		3352789629E042D400FEBABF /* Subway */ = {
			isa = PBXNativeTarget;
			buildConfigurationList = 335278AB29E042D500FEBABF /* Build configuration list for PBXNativeTarget "Subway" */;
			buildPhases = (
				3352789329E042D400FEBABF /* Sources */,
				3352789429E042D400FEBABF /* Frameworks */,
				3352789529E042D400FEBABF /* Resources */,
			);
			buildRules = (
			);
			dependencies = (
			);
			name = Subway;
			packageProductDependencies = (
				335278AF29E043AB00FEBABF /* SnapKit */,
				335278B229E043D000FEBABF /* Alamofire */,
			);
			productName = Subway;
			productReference = 3352789729E042D400FEBABF /* Subway.app */;
			productType = "com.apple.product-type.application";
		};
/* End PBXNativeTarget section */

/* Begin PBXProject section */
		3352788F29E042D400FEBABF /* Project object */ = {
			isa = PBXProject;
			attributes = {
				BuildIndependentTargetsInParallel = 1;
				LastSwiftUpdateCheck = 1420;
				LastUpgradeCheck = 1420;
				TargetAttributes = {
					3352789629E042D400FEBABF = {
						CreatedOnToolsVersion = 14.2;
					};
				};
			};
			buildConfigurationList = 3352789229E042D400FEBABF /* Build configuration list for PBXProject "Subway" */;
			compatibilityVersion = "Xcode 14.0";
			developmentRegion = en;
			hasScannedForEncodings = 0;
			knownRegions = (
				en,
				Base,
			);
			mainGroup = 3352788E29E042D400FEBABF;
			packageReferences = (
				335278AE29E043AB00FEBABF /* XCRemoteSwiftPackageReference "SnapKit" */,
				335278B129E043D000FEBABF /* XCRemoteSwiftPackageReference "Alamofire" */,
			);
			productRefGroup = 3352789829E042D400FEBABF /* Products */;
			projectDirPath = "";
			projectRoot = "";
			targets = (
				3352789629E042D400FEBABF /* Subway */,
			);
		};
/* End PBXProject section */

/* Begin PBXResourcesBuildPhase section */
		3352789529E042D400FEBABF /* Resources */ = {
			isa = PBXResourcesBuildPhase;
			buildActionMask = 2147483647;
			files = (
				335278A729E042D500FEBABF /* LaunchScreen.storyboard in Resources */,
				335278A429E042D500FEBABF /* Assets.xcassets in Resources */,
			);
			runOnlyForDeploymentPostprocessing = 0;
		};
/* End PBXResourcesBuildPhase section */

/* Begin PBXSourcesBuildPhase section */
		3352789329E042D400FEBABF /* Sources */ = {
			isa = PBXSourcesBuildPhase;
			buildActionMask = 2147483647;
			files = (
				335278B729E04EEE00FEBABF /* StationDetailViewController.swift in Sources */,
				33E40C7929E18BBA00E8FB13 /* StationResponseModel.swift in Sources */,
				335278B529E0440000FEBABF /* StationSearchViewController.swift in Sources */,
				3352789B29E042D400FEBABF /* AppDelegate.swift in Sources */,
				335278B929E051A300FEBABF /* StationDetailCollectionViewCell.swift in Sources */,
				3352789D29E042D400FEBABF /* SceneDelegate.swift in Sources */,
			);
			runOnlyForDeploymentPostprocessing = 0;
		};
/* End PBXSourcesBuildPhase section */

/* Begin PBXVariantGroup section */
		335278A529E042D500FEBABF /* LaunchScreen.storyboard */ = {
			isa = PBXVariantGroup;
			children = (
				335278A629E042D500FEBABF /* Base */,
			);
			name = LaunchScreen.storyboard;
			sourceTree = "<group>";
		};
/* End PBXVariantGroup section */

/* Begin XCBuildConfiguration section */
		335278A929E042D500FEBABF /* Debug */ = {
			isa = XCBuildConfiguration;
			buildSettings = {
				ALWAYS_SEARCH_USER_PATHS = NO;
				CLANG_ANALYZER_NONNULL = YES;
				CLANG_ANALYZER_NUMBER_OBJECT_CONVERSION = YES_AGGRESSIVE;
				CLANG_CXX_LANGUAGE_STANDARD = "gnu++20";
				CLANG_ENABLE_MODULES = YES;
				CLANG_ENABLE_OBJC_ARC = YES;
				CLANG_ENABLE_OBJC_WEAK = YES;
				CLANG_WARN_BLOCK_CAPTURE_AUTORELEASING = YES;
				CLANG_WARN_BOOL_CONVERSION = YES;
				CLANG_WARN_COMMA = YES;
				CLANG_WARN_CONSTANT_CONVERSION = YES;
				CLANG_WARN_DEPRECATED_OBJC_IMPLEMENTATIONS = YES;
				CLANG_WARN_DIRECT_OBJC_ISA_USAGE = YES_ERROR;
				CLANG_WARN_DOCUMENTATION_COMMENTS = YES;
				CLANG_WARN_EMPTY_BODY = YES;
				CLANG_WARN_ENUM_CONVERSION = YES;
				CLANG_WARN_INFINITE_RECURSION = YES;
				CLANG_WARN_INT_CONVERSION = YES;
				CLANG_WARN_NON_LITERAL_NULL_CONVERSION = YES;
				CLANG_WARN_OBJC_IMPLICIT_RETAIN_SELF = YES;
				CLANG_WARN_OBJC_LITERAL_CONVERSION = YES;
				CLANG_WARN_OBJC_ROOT_CLASS = YES_ERROR;
				CLANG_WARN_QUOTED_INCLUDE_IN_FRAMEWORK_HEADER = YES;
				CLANG_WARN_RANGE_LOOP_ANALYSIS = YES;
				CLANG_WARN_STRICT_PROTOTYPES = YES;
				CLANG_WARN_SUSPICIOUS_MOVE = YES;
				CLANG_WARN_UNGUARDED_AVAILABILITY = YES_AGGRESSIVE;
				CLANG_WARN_UNREACHABLE_CODE = YES;
				CLANG_WARN__DUPLICATE_METHOD_MATCH = YES;
				COPY_PHASE_STRIP = NO;
				DEBUG_INFORMATION_FORMAT = dwarf;
				ENABLE_STRICT_OBJC_MSGSEND = YES;
				ENABLE_TESTABILITY = YES;
				GCC_C_LANGUAGE_STANDARD = gnu11;
				GCC_DYNAMIC_NO_PIC = NO;
				GCC_NO_COMMON_BLOCKS = YES;
				GCC_OPTIMIZATION_LEVEL = 0;
				GCC_PREPROCESSOR_DEFINITIONS = (
					"DEBUG=1",
					"$(inherited)",
				);
				GCC_WARN_64_TO_32_BIT_CONVERSION = YES;
				GCC_WARN_ABOUT_RETURN_TYPE = YES_ERROR;
				GCC_WARN_UNDECLARED_SELECTOR = YES;
				GCC_WARN_UNINITIALIZED_AUTOS = YES_AGGRESSIVE;
				GCC_WARN_UNUSED_FUNCTION = YES;
				GCC_WARN_UNUSED_VARIABLE = YES;
				IPHONEOS_DEPLOYMENT_TARGET = 16.2;
				MTL_ENABLE_DEBUG_INFO = INCLUDE_SOURCE;
				MTL_FAST_MATH = YES;
				ONLY_ACTIVE_ARCH = YES;
				SDKROOT = iphoneos;
				SWIFT_ACTIVE_COMPILATION_CONDITIONS = DEBUG;
				SWIFT_OPTIMIZATION_LEVEL = "-Onone";
			};
			name = Debug;
		};
		335278AA29E042D500FEBABF /* Release */ = {
			isa = XCBuildConfiguration;
			buildSettings = {
				ALWAYS_SEARCH_USER_PATHS = NO;
				CLANG_ANALYZER_NONNULL = YES;
				CLANG_ANALYZER_NUMBER_OBJECT_CONVERSION = YES_AGGRESSIVE;
				CLANG_CXX_LANGUAGE_STANDARD = "gnu++20";
				CLANG_ENABLE_MODULES = YES;
				CLANG_ENABLE_OBJC_ARC = YES;
				CLANG_ENABLE_OBJC_WEAK = YES;
				CLANG_WARN_BLOCK_CAPTURE_AUTORELEASING = YES;
				CLANG_WARN_BOOL_CONVERSION = YES;
				CLANG_WARN_COMMA = YES;
				CLANG_WARN_CONSTANT_CONVERSION = YES;
				CLANG_WARN_DEPRECATED_OBJC_IMPLEMENTATIONS = YES;
				CLANG_WARN_DIRECT_OBJC_ISA_USAGE = YES_ERROR;
				CLANG_WARN_DOCUMENTATION_COMMENTS = YES;
				CLANG_WARN_EMPTY_BODY = YES;
				CLANG_WARN_ENUM_CONVERSION = YES;
				CLANG_WARN_INFINITE_RECURSION = YES;
				CLANG_WARN_INT_CONVERSION = YES;
				CLANG_WARN_NON_LITERAL_NULL_CONVERSION = YES;
				CLANG_WARN_OBJC_IMPLICIT_RETAIN_SELF = YES;
				CLANG_WARN_OBJC_LITERAL_CONVERSION = YES;
				CLANG_WARN_OBJC_ROOT_CLASS = YES_ERROR;
				CLANG_WARN_QUOTED_INCLUDE_IN_FRAMEWORK_HEADER = YES;
				CLANG_WARN_RANGE_LOOP_ANALYSIS = YES;
				CLANG_WARN_STRICT_PROTOTYPES = YES;
				CLANG_WARN_SUSPICIOUS_MOVE = YES;
				CLANG_WARN_UNGUARDED_AVAILABILITY = YES_AGGRESSIVE;
				CLANG_WARN_UNREACHABLE_CODE = YES;
				CLANG_WARN__DUPLICATE_METHOD_MATCH = YES;
				COPY_PHASE_STRIP = NO;
				DEBUG_INFORMATION_FORMAT = "dwarf-with-dsym";
				ENABLE_NS_ASSERTIONS = NO;
				ENABLE_STRICT_OBJC_MSGSEND = YES;
				GCC_C_LANGUAGE_STANDARD = gnu11;
				GCC_NO_COMMON_BLOCKS = YES;
				GCC_WARN_64_TO_32_BIT_CONVERSION = YES;
				GCC_WARN_ABOUT_RETURN_TYPE = YES_ERROR;
				GCC_WARN_UNDECLARED_SELECTOR = YES;
				GCC_WARN_UNINITIALIZED_AUTOS = YES_AGGRESSIVE;
				GCC_WARN_UNUSED_FUNCTION = YES;
				GCC_WARN_UNUSED_VARIABLE = YES;
				IPHONEOS_DEPLOYMENT_TARGET = 16.2;
				MTL_ENABLE_DEBUG_INFO = NO;
				MTL_FAST_MATH = YES;
				SDKROOT = iphoneos;
				SWIFT_COMPILATION_MODE = wholemodule;
				SWIFT_OPTIMIZATION_LEVEL = "-O";
				VALIDATE_PRODUCT = YES;
			};
			name = Release;
		};
		335278AC29E042D500FEBABF /* Debug */ = {
			isa = XCBuildConfiguration;
			buildSettings = {
				ASSETCATALOG_COMPILER_APPICON_NAME = AppIcon;
				ASSETCATALOG_COMPILER_GLOBAL_ACCENT_COLOR_NAME = AccentColor;
				CODE_SIGN_STYLE = Automatic;
				CURRENT_PROJECT_VERSION = 1;
				DEVELOPMENT_TEAM = 6SU3UM7Z98;
				GENERATE_INFOPLIST_FILE = YES;
				INFOPLIST_FILE = Subway/Info.plist;
				INFOPLIST_KEY_UIApplicationSupportsIndirectInputEvents = YES;
				INFOPLIST_KEY_UILaunchStoryboardName = LaunchScreen;
				INFOPLIST_KEY_UISupportedInterfaceOrientations_iPad = "UIInterfaceOrientationPortrait UIInterfaceOrientationPortraitUpsideDown UIInterfaceOrientationLandscapeLeft UIInterfaceOrientationLandscapeRight";
				INFOPLIST_KEY_UISupportedInterfaceOrientations_iPhone = "UIInterfaceOrientationPortrait UIInterfaceOrientationLandscapeLeft UIInterfaceOrientationLandscapeRight";
				LD_RUNPATH_SEARCH_PATHS = (
					"$(inherited)",
					"@executable_path/Frameworks",
				);
				MARKETING_VERSION = 1.0;
				PRODUCT_BUNDLE_IDENTIFIER = com.sky.Subway;
				PRODUCT_NAME = "$(TARGET_NAME)";
				SWIFT_EMIT_LOC_STRINGS = YES;
				SWIFT_VERSION = 5.0;
				TARGETED_DEVICE_FAMILY = "1,2";
			};
			name = Debug;
		};
		335278AD29E042D500FEBABF /* Release */ = {
			isa = XCBuildConfiguration;
			buildSettings = {
				ASSETCATALOG_COMPILER_APPICON_NAME = AppIcon;
				ASSETCATALOG_COMPILER_GLOBAL_ACCENT_COLOR_NAME = AccentColor;
				CODE_SIGN_STYLE = Automatic;
				CURRENT_PROJECT_VERSION = 1;
				DEVELOPMENT_TEAM = 6SU3UM7Z98;
				GENERATE_INFOPLIST_FILE = YES;
				INFOPLIST_FILE = Subway/Info.plist;
				INFOPLIST_KEY_UIApplicationSupportsIndirectInputEvents = YES;
				INFOPLIST_KEY_UILaunchStoryboardName = LaunchScreen;
				INFOPLIST_KEY_UISupportedInterfaceOrientations_iPad = "UIInterfaceOrientationPortrait UIInterfaceOrientationPortraitUpsideDown UIInterfaceOrientationLandscapeLeft UIInterfaceOrientationLandscapeRight";
				INFOPLIST_KEY_UISupportedInterfaceOrientations_iPhone = "UIInterfaceOrientationPortrait UIInterfaceOrientationLandscapeLeft UIInterfaceOrientationLandscapeRight";
				LD_RUNPATH_SEARCH_PATHS = (
					"$(inherited)",
					"@executable_path/Frameworks",
				);
				MARKETING_VERSION = 1.0;
				PRODUCT_BUNDLE_IDENTIFIER = com.sky.Subway;
				PRODUCT_NAME = "$(TARGET_NAME)";
				SWIFT_EMIT_LOC_STRINGS = YES;
				SWIFT_VERSION = 5.0;
				TARGETED_DEVICE_FAMILY = "1,2";
			};
			name = Release;
		};
/* End XCBuildConfiguration section */

/* Begin XCConfigurationList section */
		3352789229E042D400FEBABF /* Build configuration list for PBXProject "Subway" */ = {
			isa = XCConfigurationList;
			buildConfigurations = (
				335278A929E042D500FEBABF /* Debug */,
				335278AA29E042D500FEBABF /* Release */,
			);
			defaultConfigurationIsVisible = 0;
			defaultConfigurationName = Release;
		};
		335278AB29E042D500FEBABF /* Build configuration list for PBXNativeTarget "Subway" */ = {
			isa = XCConfigurationList;
			buildConfigurations = (
				335278AC29E042D500FEBABF /* Debug */,
				335278AD29E042D500FEBABF /* Release */,
			);
			defaultConfigurationIsVisible = 0;
			defaultConfigurationName = Release;
		};
/* End XCConfigurationList section */

/* Begin XCRemoteSwiftPackageReference section */
		335278AE29E043AB00FEBABF /* XCRemoteSwiftPackageReference "SnapKit" */ = {
			isa = XCRemoteSwiftPackageReference;
			repositoryURL = "git@github.com:SnapKit/SnapKit.git";
			requirement = {
				branch = develop;
				kind = branch;
			};
		};
		335278B129E043D000FEBABF /* XCRemoteSwiftPackageReference "Alamofire" */ = {
			isa = XCRemoteSwiftPackageReference;
			repositoryURL = "git@github.com:Alamofire/Alamofire.git";
			requirement = {
				branch = master;
				kind = branch;
			};
		};
/* End XCRemoteSwiftPackageReference section */

/* Begin XCSwiftPackageProductDependency section */
		335278AF29E043AB00FEBABF /* SnapKit */ = {
			isa = XCSwiftPackageProductDependency;
			package = 335278AE29E043AB00FEBABF /* XCRemoteSwiftPackageReference "SnapKit" */;
			productName = SnapKit;
		};
		335278B229E043D000FEBABF /* Alamofire */ = {
			isa = XCSwiftPackageProductDependency;
			package = 335278B129E043D000FEBABF /* XCRemoteSwiftPackageReference "Alamofire" */;
			productName = Alamofire;
		};
/* End XCSwiftPackageProductDependency section */
	};
	rootObject = 3352788F29E042D400FEBABF /* Project object */;
}
