// !$*UTF8*$!
{
	archiveVersion = 1;
	classes = {
	};
	objectVersion = 56;
	objects = {

/* Begin PBXBuildFile section */
		332CD5D329C838FC00B2C9B0 /* SnapKit in Frameworks */ = {isa = PBXBuildFile; productRef = 332CD5D229C838FC00B2C9B0 /* SnapKit */; };
		332CD5D529C86B7400B2C9B0 /* ContentCollectionRankViewCell.swift in Sources */ = {isa = PBXBuildFile; fileRef = 332CD5D429C86B7400B2C9B0 /* ContentCollectionRankViewCell.swift */; };
		33A0547329C751C1002F2407 /* AppDelegate.swift in Sources */ = {isa = PBXBuildFile; fileRef = 33A0547229C751C1002F2407 /* AppDelegate.swift */; };
		33A0547529C751C1002F2407 /* SceneDelegate.swift in Sources */ = {isa = PBXBuildFile; fileRef = 33A0547429C751C1002F2407 /* SceneDelegate.swift */; };
		33A0547C29C751C2002F2407 /* Assets.xcassets in Resources */ = {isa = PBXBuildFile; fileRef = 33A0547B29C751C2002F2407 /* Assets.xcassets */; };
		33A0547F29C751C2002F2407 /* LaunchScreen.storyboard in Resources */ = {isa = PBXBuildFile; fileRef = 33A0547D29C751C2002F2407 /* LaunchScreen.storyboard */; };
		33A0548729C75248002F2407 /* HomeViewController.swift in Sources */ = {isa = PBXBuildFile; fileRef = 33A0548629C75248002F2407 /* HomeViewController.swift */; };
		33A0548E29C757DB002F2407 /* Content.plist in Resources */ = {isa = PBXBuildFile; fileRef = 33A0548D29C757DB002F2407 /* Content.plist */; };
		33A0549029C7583B002F2407 /* Content.swift in Sources */ = {isa = PBXBuildFile; fileRef = 33A0548F29C7583B002F2407 /* Content.swift */; };
		33A0549229C75C83002F2407 /* ContentCollectionViewCell.swift in Sources */ = {isa = PBXBuildFile; fileRef = 33A0549129C75C83002F2407 /* ContentCollectionViewCell.swift */; };
		33A0549429C75F26002F2407 /* ContentCollectionViewHeader.swift in Sources */ = {isa = PBXBuildFile; fileRef = 33A0549329C75F26002F2407 /* ContentCollectionViewHeader.swift */; };
/* End PBXBuildFile section */

/* Begin PBXFileReference section */
		332CD5D429C86B7400B2C9B0 /* ContentCollectionRankViewCell.swift */ = {isa = PBXFileReference; lastKnownFileType = sourcecode.swift; path = ContentCollectionRankViewCell.swift; sourceTree = "<group>"; };
		33A0546F29C751C1002F2407 /* NetflixStyleSampleApp.app */ = {isa = PBXFileReference; explicitFileType = wrapper.application; includeInIndex = 0; path = NetflixStyleSampleApp.app; sourceTree = BUILT_PRODUCTS_DIR; };
		33A0547229C751C1002F2407 /* AppDelegate.swift */ = {isa = PBXFileReference; lastKnownFileType = sourcecode.swift; path = AppDelegate.swift; sourceTree = "<group>"; };
		33A0547429C751C1002F2407 /* SceneDelegate.swift */ = {isa = PBXFileReference; lastKnownFileType = sourcecode.swift; path = SceneDelegate.swift; sourceTree = "<group>"; };
		33A0547B29C751C2002F2407 /* Assets.xcassets */ = {isa = PBXFileReference; lastKnownFileType = folder.assetcatalog; path = Assets.xcassets; sourceTree = "<group>"; };
		33A0547E29C751C2002F2407 /* Base */ = {isa = PBXFileReference; lastKnownFileType = file.storyboard; name = Base; path = Base.lproj/LaunchScreen.storyboard; sourceTree = "<group>"; };
		33A0548029C751C2002F2407 /* Info.plist */ = {isa = PBXFileReference; lastKnownFileType = text.plist.xml; path = Info.plist; sourceTree = "<group>"; };
		33A0548629C75248002F2407 /* HomeViewController.swift */ = {isa = PBXFileReference; lastKnownFileType = sourcecode.swift; path = HomeViewController.swift; sourceTree = "<group>"; };
		33A0548D29C757DB002F2407 /* Content.plist */ = {isa = PBXFileReference; fileEncoding = 4; lastKnownFileType = text.plist.xml; path = Content.plist; sourceTree = "<group>"; };
		33A0548F29C7583B002F2407 /* Content.swift */ = {isa = PBXFileReference; lastKnownFileType = sourcecode.swift; path = Content.swift; sourceTree = "<group>"; };
		33A0549129C75C83002F2407 /* ContentCollectionViewCell.swift */ = {isa = PBXFileReference; lastKnownFileType = sourcecode.swift; path = ContentCollectionViewCell.swift; sourceTree = "<group>"; };
		33A0549329C75F26002F2407 /* ContentCollectionViewHeader.swift */ = {isa = PBXFileReference; lastKnownFileType = sourcecode.swift; path = ContentCollectionViewHeader.swift; sourceTree = "<group>"; };
/* End PBXFileReference section */

/* Begin PBXFrameworksBuildPhase section */
		33A0546C29C751C1002F2407 /* Frameworks */ = {
			isa = PBXFrameworksBuildPhase;
			buildActionMask = 2147483647;
			files = (
				332CD5D329C838FC00B2C9B0 /* SnapKit in Frameworks */,
			);
			runOnlyForDeploymentPostprocessing = 0;
		};
/* End PBXFrameworksBuildPhase section */

/* Begin PBXGroup section */
		33A0546629C751C1002F2407 = {
			isa = PBXGroup;
			children = (
				33A0547129C751C1002F2407 /* NetflixStyleSampleApp */,
				33A0547029C751C1002F2407 /* Products */,
			);
			sourceTree = "<group>";
		};
		33A0547029C751C1002F2407 /* Products */ = {
			isa = PBXGroup;
			children = (
				33A0546F29C751C1002F2407 /* NetflixStyleSampleApp.app */,
			);
			name = Products;
			sourceTree = "<group>";
		};
		33A0547129C751C1002F2407 /* NetflixStyleSampleApp */ = {
			isa = PBXGroup;
			children = (
				33A0547229C751C1002F2407 /* AppDelegate.swift */,
				33A0547429C751C1002F2407 /* SceneDelegate.swift */,
				33A0547B29C751C2002F2407 /* Assets.xcassets */,
				33A0547D29C751C2002F2407 /* LaunchScreen.storyboard */,
				33A0548629C75248002F2407 /* HomeViewController.swift */,
				332CD5D429C86B7400B2C9B0 /* ContentCollectionRankViewCell.swift */,
				33A0549329C75F26002F2407 /* ContentCollectionViewHeader.swift */,
				33A0549129C75C83002F2407 /* ContentCollectionViewCell.swift */,
				33A0548029C751C2002F2407 /* Info.plist */,
				33A0548D29C757DB002F2407 /* Content.plist */,
				33A0548F29C7583B002F2407 /* Content.swift */,
			);
			path = NetflixStyleSampleApp;
			sourceTree = "<group>";
		};
/* End PBXGroup section */

/* Begin PBXNativeTarget section */
		33A0546E29C751C1002F2407 /* NetflixStyleSampleApp */ = {
			isa = PBXNativeTarget;
			buildConfigurationList = 33A0548329C751C2002F2407 /* Build configuration list for PBXNativeTarget "NetflixStyleSampleApp" */;
			buildPhases = (
				33A0546B29C751C1002F2407 /* Sources */,
				33A0546C29C751C1002F2407 /* Frameworks */,
				33A0546D29C751C1002F2407 /* Resources */,
			);
			buildRules = (
			);
			dependencies = (
			);
			name = NetflixStyleSampleApp;
			packageProductDependencies = (
				332CD5D229C838FC00B2C9B0 /* SnapKit */,
			);
			productName = NetflixStyleSampleApp;
			productReference = 33A0546F29C751C1002F2407 /* NetflixStyleSampleApp.app */;
			productType = "com.apple.product-type.application";
		};
/* End PBXNativeTarget section */

/* Begin PBXProject section */
		33A0546729C751C1002F2407 /* Project object */ = {
			isa = PBXProject;
			attributes = {
				BuildIndependentTargetsInParallel = 1;
				LastSwiftUpdateCheck = 1420;
				LastUpgradeCheck = 1420;
				TargetAttributes = {
					33A0546E29C751C1002F2407 = {
						CreatedOnToolsVersion = 14.2;
					};
				};
			};
			buildConfigurationList = 33A0546A29C751C1002F2407 /* Build configuration list for PBXProject "NetflixStyleSampleApp" */;
			compatibilityVersion = "Xcode 14.0";
			developmentRegion = en;
			hasScannedForEncodings = 0;
			knownRegions = (
				en,
				Base,
			);
			mainGroup = 33A0546629C751C1002F2407;
			packageReferences = (
				332CD5D129C838FC00B2C9B0 /* XCRemoteSwiftPackageReference "SnapKit" */,
			);
			productRefGroup = 33A0547029C751C1002F2407 /* Products */;
			projectDirPath = "";
			projectRoot = "";
			targets = (
				33A0546E29C751C1002F2407 /* NetflixStyleSampleApp */,
			);
		};
/* End PBXProject section */

/* Begin PBXResourcesBuildPhase section */
		33A0546D29C751C1002F2407 /* Resources */ = {
			isa = PBXResourcesBuildPhase;
			buildActionMask = 2147483647;
			files = (
				33A0547F29C751C2002F2407 /* LaunchScreen.storyboard in Resources */,
				33A0547C29C751C2002F2407 /* Assets.xcassets in Resources */,
				33A0548E29C757DB002F2407 /* Content.plist in Resources */,
			);
			runOnlyForDeploymentPostprocessing = 0;
		};
/* End PBXResourcesBuildPhase section */

/* Begin PBXSourcesBuildPhase section */
		33A0546B29C751C1002F2407 /* Sources */ = {
			isa = PBXSourcesBuildPhase;
			buildActionMask = 2147483647;
			files = (
				33A0547329C751C1002F2407 /* AppDelegate.swift in Sources */,
				33A0549429C75F26002F2407 /* ContentCollectionViewHeader.swift in Sources */,
				33A0547529C751C1002F2407 /* SceneDelegate.swift in Sources */,
				33A0548729C75248002F2407 /* HomeViewController.swift in Sources */,
				33A0549029C7583B002F2407 /* Content.swift in Sources */,
				332CD5D529C86B7400B2C9B0 /* ContentCollectionRankViewCell.swift in Sources */,
				33A0549229C75C83002F2407 /* ContentCollectionViewCell.swift in Sources */,
			);
			runOnlyForDeploymentPostprocessing = 0;
		};
/* End PBXSourcesBuildPhase section */

/* Begin PBXVariantGroup section */
		33A0547D29C751C2002F2407 /* LaunchScreen.storyboard */ = {
			isa = PBXVariantGroup;
			children = (
				33A0547E29C751C2002F2407 /* Base */,
			);
			name = LaunchScreen.storyboard;
			sourceTree = "<group>";
		};
/* End PBXVariantGroup section */

/* Begin XCBuildConfiguration section */
		33A0548129C751C2002F2407 /* Debug */ = {
			isa = XCBuildConfiguration;
			buildSettings = {
				ALWAYS_SEARCH_USER_PATHS = NO;
				CLANG_ANALYZER_NONNULL = YES;
				CLANG_ANALYZER_NUMBER_OBJECT_CONVERSION = YES_AGGRESSIVE;
				CLANG_CXX_LANGUAGE_STANDARD = "gnu++20";
				CLANG_ENABLE_MODULES = YES;
				CLANG_ENABLE_OBJC_ARC = YES;
				CLANG_ENABLE_OBJC_WEAK = YES;
				CLANG_WARN_BLOCK_CAPTURE_AUTORELEASING = YES;
				CLANG_WARN_BOOL_CONVERSION = YES;
				CLANG_WARN_COMMA = YES;
				CLANG_WARN_CONSTANT_CONVERSION = YES;
				CLANG_WARN_DEPRECATED_OBJC_IMPLEMENTATIONS = YES;
				CLANG_WARN_DIRECT_OBJC_ISA_USAGE = YES_ERROR;
				CLANG_WARN_DOCUMENTATION_COMMENTS = YES;
				CLANG_WARN_EMPTY_BODY = YES;
				CLANG_WARN_ENUM_CONVERSION = YES;
				CLANG_WARN_INFINITE_RECURSION = YES;
				CLANG_WARN_INT_CONVERSION = YES;
				CLANG_WARN_NON_LITERAL_NULL_CONVERSION = YES;
				CLANG_WARN_OBJC_IMPLICIT_RETAIN_SELF = YES;
				CLANG_WARN_OBJC_LITERAL_CONVERSION = YES;
				CLANG_WARN_OBJC_ROOT_CLASS = YES_ERROR;
				CLANG_WARN_QUOTED_INCLUDE_IN_FRAMEWORK_HEADER = YES;
				CLANG_WARN_RANGE_LOOP_ANALYSIS = YES;
				CLANG_WARN_STRICT_PROTOTYPES = YES;
				CLANG_WARN_SUSPICIOUS_MOVE = YES;
				CLANG_WARN_UNGUARDED_AVAILABILITY = YES_AGGRESSIVE;
				CLANG_WARN_UNREACHABLE_CODE = YES;
				CLANG_WARN__DUPLICATE_METHOD_MATCH = YES;
				COPY_PHASE_STRIP = NO;
				DEBUG_INFORMATION_FORMAT = dwarf;
				ENABLE_STRICT_OBJC_MSGSEND = YES;
				ENABLE_TESTABILITY = YES;
				GCC_C_LANGUAGE_STANDARD = gnu11;
				GCC_DYNAMIC_NO_PIC = NO;
				GCC_NO_COMMON_BLOCKS = YES;
				GCC_OPTIMIZATION_LEVEL = 0;
				GCC_PREPROCESSOR_DEFINITIONS = (
					"DEBUG=1",
					"$(inherited)",
				);
				GCC_WARN_64_TO_32_BIT_CONVERSION = YES;
				GCC_WARN_ABOUT_RETURN_TYPE = YES_ERROR;
				GCC_WARN_UNDECLARED_SELECTOR = YES;
				GCC_WARN_UNINITIALIZED_AUTOS = YES_AGGRESSIVE;
				GCC_WARN_UNUSED_FUNCTION = YES;
				GCC_WARN_UNUSED_VARIABLE = YES;
				IPHONEOS_DEPLOYMENT_TARGET = 16.2;
				MTL_ENABLE_DEBUG_INFO = INCLUDE_SOURCE;
				MTL_FAST_MATH = YES;
				ONLY_ACTIVE_ARCH = YES;
				SDKROOT = iphoneos;
				SWIFT_ACTIVE_COMPILATION_CONDITIONS = DEBUG;
				SWIFT_OPTIMIZATION_LEVEL = "-Onone";
			};
			name = Debug;
		};
		33A0548229C751C2002F2407 /* Release */ = {
			isa = XCBuildConfiguration;
			buildSettings = {
				ALWAYS_SEARCH_USER_PATHS = NO;
				CLANG_ANALYZER_NONNULL = YES;
				CLANG_ANALYZER_NUMBER_OBJECT_CONVERSION = YES_AGGRESSIVE;
				CLANG_CXX_LANGUAGE_STANDARD = "gnu++20";
				CLANG_ENABLE_MODULES = YES;
				CLANG_ENABLE_OBJC_ARC = YES;
				CLANG_ENABLE_OBJC_WEAK = YES;
				CLANG_WARN_BLOCK_CAPTURE_AUTORELEASING = YES;
				CLANG_WARN_BOOL_CONVERSION = YES;
				CLANG_WARN_COMMA = YES;
				CLANG_WARN_CONSTANT_CONVERSION = YES;
				CLANG_WARN_DEPRECATED_OBJC_IMPLEMENTATIONS = YES;
				CLANG_WARN_DIRECT_OBJC_ISA_USAGE = YES_ERROR;
				CLANG_WARN_DOCUMENTATION_COMMENTS = YES;
				CLANG_WARN_EMPTY_BODY = YES;
				CLANG_WARN_ENUM_CONVERSION = YES;
				CLANG_WARN_INFINITE_RECURSION = YES;
				CLANG_WARN_INT_CONVERSION = YES;
				CLANG_WARN_NON_LITERAL_NULL_CONVERSION = YES;
				CLANG_WARN_OBJC_IMPLICIT_RETAIN_SELF = YES;
				CLANG_WARN_OBJC_LITERAL_CONVERSION = YES;
				CLANG_WARN_OBJC_ROOT_CLASS = YES_ERROR;
				CLANG_WARN_QUOTED_INCLUDE_IN_FRAMEWORK_HEADER = YES;
				CLANG_WARN_RANGE_LOOP_ANALYSIS = YES;
				CLANG_WARN_STRICT_PROTOTYPES = YES;
				CLANG_WARN_SUSPICIOUS_MOVE = YES;
				CLANG_WARN_UNGUARDED_AVAILABILITY = YES_AGGRESSIVE;
				CLANG_WARN_UNREACHABLE_CODE = YES;
				CLANG_WARN__DUPLICATE_METHOD_MATCH = YES;
				COPY_PHASE_STRIP = NO;
				DEBUG_INFORMATION_FORMAT = "dwarf-with-dsym";
				ENABLE_NS_ASSERTIONS = NO;
				ENABLE_STRICT_OBJC_MSGSEND = YES;
				GCC_C_LANGUAGE_STANDARD = gnu11;
				GCC_NO_COMMON_BLOCKS = YES;
				GCC_WARN_64_TO_32_BIT_CONVERSION = YES;
				GCC_WARN_ABOUT_RETURN_TYPE = YES_ERROR;
				GCC_WARN_UNDECLARED_SELECTOR = YES;
				GCC_WARN_UNINITIALIZED_AUTOS = YES_AGGRESSIVE;
				GCC_WARN_UNUSED_FUNCTION = YES;
				GCC_WARN_UNUSED_VARIABLE = YES;
				IPHONEOS_DEPLOYMENT_TARGET = 16.2;
				MTL_ENABLE_DEBUG_INFO = NO;
				MTL_FAST_MATH = YES;
				SDKROOT = iphoneos;
				SWIFT_COMPILATION_MODE = wholemodule;
				SWIFT_OPTIMIZATION_LEVEL = "-O";
				VALIDATE_PRODUCT = YES;
			};
			name = Release;
		};
		33A0548429C751C2002F2407 /* Debug */ = {
			isa = XCBuildConfiguration;
			buildSettings = {
				ASSETCATALOG_COMPILER_APPICON_NAME = AppIcon;
				ASSETCATALOG_COMPILER_GLOBAL_ACCENT_COLOR_NAME = AccentColor;
				CODE_SIGN_STYLE = Automatic;
				CURRENT_PROJECT_VERSION = 1;
				DEVELOPMENT_TEAM = 6SU3UM7Z98;
				GENERATE_INFOPLIST_FILE = YES;
				INFOPLIST_FILE = NetflixStyleSampleApp/Info.plist;
				INFOPLIST_KEY_UIApplicationSupportsIndirectInputEvents = YES;
				INFOPLIST_KEY_UILaunchStoryboardName = LaunchScreen;
				INFOPLIST_KEY_UIMainStoryboardFile = Main;
				INFOPLIST_KEY_UISupportedInterfaceOrientations_iPad = "UIInterfaceOrientationPortrait UIInterfaceOrientationPortraitUpsideDown UIInterfaceOrientationLandscapeLeft UIInterfaceOrientationLandscapeRight";
				INFOPLIST_KEY_UISupportedInterfaceOrientations_iPhone = "UIInterfaceOrientationPortrait UIInterfaceOrientationLandscapeLeft UIInterfaceOrientationLandscapeRight";
				LD_RUNPATH_SEARCH_PATHS = (
					"$(inherited)",
					"@executable_path/Frameworks",
				);
				MARKETING_VERSION = 1.0;
				PRODUCT_BUNDLE_IDENTIFIER = com.sky.NetflixStyleSampleApp;
				PRODUCT_NAME = "$(TARGET_NAME)";
				SWIFT_EMIT_LOC_STRINGS = YES;
				SWIFT_VERSION = 5.0;
				TARGETED_DEVICE_FAMILY = "1,2";
			};
			name = Debug;
		};
		33A0548529C751C2002F2407 /* Release */ = {
			isa = XCBuildConfiguration;
			buildSettings = {
				ASSETCATALOG_COMPILER_APPICON_NAME = AppIcon;
				ASSETCATALOG_COMPILER_GLOBAL_ACCENT_COLOR_NAME = AccentColor;
				CODE_SIGN_STYLE = Automatic;
				CURRENT_PROJECT_VERSION = 1;
				DEVELOPMENT_TEAM = 6SU3UM7Z98;
				GENERATE_INFOPLIST_FILE = YES;
				INFOPLIST_FILE = NetflixStyleSampleApp/Info.plist;
				INFOPLIST_KEY_UIApplicationSupportsIndirectInputEvents = YES;
				INFOPLIST_KEY_UILaunchStoryboardName = LaunchScreen;
				INFOPLIST_KEY_UIMainStoryboardFile = Main;
				INFOPLIST_KEY_UISupportedInterfaceOrientations_iPad = "UIInterfaceOrientationPortrait UIInterfaceOrientationPortraitUpsideDown UIInterfaceOrientationLandscapeLeft UIInterfaceOrientationLandscapeRight";
				INFOPLIST_KEY_UISupportedInterfaceOrientations_iPhone = "UIInterfaceOrientationPortrait UIInterfaceOrientationLandscapeLeft UIInterfaceOrientationLandscapeRight";
				LD_RUNPATH_SEARCH_PATHS = (
					"$(inherited)",
					"@executable_path/Frameworks",
				);
				MARKETING_VERSION = 1.0;
				PRODUCT_BUNDLE_IDENTIFIER = com.sky.NetflixStyleSampleApp;
				PRODUCT_NAME = "$(TARGET_NAME)";
				SWIFT_EMIT_LOC_STRINGS = YES;
				SWIFT_VERSION = 5.0;
				TARGETED_DEVICE_FAMILY = "1,2";
			};
			name = Release;
		};
/* End XCBuildConfiguration section */

/* Begin XCConfigurationList section */
		33A0546A29C751C1002F2407 /* Build configuration list for PBXProject "NetflixStyleSampleApp" */ = {
			isa = XCConfigurationList;
			buildConfigurations = (
				33A0548129C751C2002F2407 /* Debug */,
				33A0548229C751C2002F2407 /* Release */,
			);
			defaultConfigurationIsVisible = 0;
			defaultConfigurationName = Release;
		};
		33A0548329C751C2002F2407 /* Build configuration list for PBXNativeTarget "NetflixStyleSampleApp" */ = {
			isa = XCConfigurationList;
			buildConfigurations = (
				33A0548429C751C2002F2407 /* Debug */,
				33A0548529C751C2002F2407 /* Release */,
			);
			defaultConfigurationIsVisible = 0;
			defaultConfigurationName = Release;
		};
/* End XCConfigurationList section */

/* Begin XCRemoteSwiftPackageReference section */
		332CD5D129C838FC00B2C9B0 /* XCRemoteSwiftPackageReference "SnapKit" */ = {
			isa = XCRemoteSwiftPackageReference;
			repositoryURL = "git@github.com:SnapKit/SnapKit.git";
			requirement = {
				branch = develop;
				kind = branch;
			};
		};
/* End XCRemoteSwiftPackageReference section */

/* Begin XCSwiftPackageProductDependency section */
		332CD5D229C838FC00B2C9B0 /* SnapKit */ = {
			isa = XCSwiftPackageProductDependency;
			package = 332CD5D129C838FC00B2C9B0 /* XCRemoteSwiftPackageReference "SnapKit" */;
			productName = SnapKit;
		};
/* End XCSwiftPackageProductDependency section */
	};
	rootObject = 33A0546729C751C1002F2407 /* Project object */;
}
